{
  "originHash" : "282f2ac4f0e359ad576a5439c1e0a444e6c81e323b3ac45c6a53bd6ebdeae491",
  "pins" : [
    {
      "identity" : "agentaudit",
      "kind" : "remoteSourceControl",
      "location" : "https://github.com/AgentiLoop/AgentAudit.git",
      "state" : {
        "revision" : "db7d4f51148df848f0379d8d8f96e9f503ac9b9e",
        "version" : "1.3.9"
      }
    }
  ],
  "version" : 3
}
