{
  "originHash" : "b50531e06a1e56cede64775e793e6f1e3f298e2781f2e5e67c796bc7add4d109",
  "pins" : [
    {
      "identity" : "agentaudit",
      "kind" : "remoteSourceControl",
      "location" : "https://github.com/AgentiLoop/AgentAudit.git",
      "state" : {
        "revision" : "5973fe5ed37190bf38732df80f57c6373c66c8c1",
        "version" : "1.3.3"
      }
    }
  ],
  "version" : 3
}
