{
  "originHash" : "f936a36e20b77a670884a2b99a87f33eaab48c12ef50ea0ec57009227a2e9fc9",
  "pins" : [
    {
      "identity" : "agentaudit",
      "kind" : "remoteSourceControl",
      "location" : "https://github.com/AgentiLoop/AgentAudit.git",
      "state" : {
        "revision" : "71de8e1dbb06c6e927cf981ed71b3fe5d9987c18",
        "version" : "1.3.5"
      }
    }
  ],
  "version" : 3
}
